
Microsoft Visual Studio Solution File, Format Version 12.00
# Visual Studio Version 17
VisualStudioVersion = 17.2.32630.192
MinimumVisualStudioVersion = 10.0.40219.1
Project("{FAE04EC0-301F-11D3-BF4B-00C04F79EFBC}") = "AtolDriver", "AtolDriver.csproj", "{824C1C0E-EA80-4604-976B-CDE0A6F63142}"
EndProject
Global
	GlobalSection(SolutionConfigurationPlatforms) = preSolution
		Debug|Any CPU = Debug|Any CPU
		Release|Any CPU = Release|Any CPU
	EndGlobalSection
	GlobalSection(ProjectConfigurationPlatforms) = postSolution
		{824C1C0E-EA80-4604-976B-CDE0A6F63142}.Debug|Any CPU.ActiveCfg = Debug|Any CPU
		{824C1C0E-EA80-4604-976B-CDE0A6F63142}.Debug|Any CPU.Build.0 = Debug|Any CPU
		{824C1C0E-EA80-4604-976B-CDE0A6F63142}.Release|Any CPU.ActiveCfg = Release|Any CPU
		{824C1C0E-EA80-4604-976B-CDE0A6F63142}.Release|Any CPU.Build.0 = Release|Any CPU
	EndGlobalSection
	GlobalSection(SolutionProperties) = preSolution
		HideSolutionNode = FALSE
	EndGlobalSection
	GlobalSection(ExtensibilityGlobals) = postSolution
		SolutionGuid = {1A6D5A07-1392-498F-B5F7-846988AF5FAA}
	EndGlobalSection
EndGlobal
